
Microsoft Visual Studio Solution File, Format Version 12.00
# Visual Studio Version 17
VisualStudioVersion = 17.11.35222.181
MinimumVisualStudioVersion = 10.0.40219.1
Project("{FAE04EC0-301F-11D3-BF4B-00C04F79EFBC}") = "MiddlewareExample", "MiddlewareExample\MiddlewareExample.csproj", "{5B758C1E-030B-4262-86DD-855D336F02DE}"
EndProject
Global
	GlobalSection(SolutionConfigurationPlatforms) = preSolution
		Debug|Any CPU = Debug|Any CPU
		Release|Any CPU = Release|Any CPU
	EndGlobalSection
	GlobalSection(ProjectConfigurationPlatforms) = postSolution
		{5B758C1E-030B-4262-86DD-855D336F02DE}.Debug|Any CPU.ActiveCfg = Debug|Any CPU
		{5B758C1E-030B-4262-86DD-855D336F02DE}.Debug|Any CPU.Build.0 = Debug|Any CPU
		{5B758C1E-030B-4262-86DD-855D336F02DE}.Release|Any CPU.ActiveCfg = Release|Any CPU
		{5B758C1E-030B-4262-86DD-855D336F02DE}.Release|Any CPU.Build.0 = Release|Any CPU
	EndGlobalSection
	GlobalSection(SolutionProperties) = preSolution
		HideSolutionNode = FALSE
	EndGlobalSection
	GlobalSection(ExtensibilityGlobals) = postSolution
		SolutionGuid = {8D71F61C-7DA9-4A31-B890-3ED07F49577B}
	EndGlobalSection
EndGlobal
